
Microsoft Visual Studio Solution File, Format Version 12.00
# Visual Studio Version 17
VisualStudioVersion = 17.2.32630.192
MinimumVisualStudioVersion = 10.0.40219.1
Project("{FAE04EC0-301F-11D3-BF4B-00C04F79EFBC}") = "SuperHeroAPI", "SuperHeroAPI\SuperHeroAPI.csproj", "{6487075B-C8CB-45ED-A9C8-DF175C350865}"
EndProject
Global
	GlobalSection(SolutionConfigurationPlatforms) = preSolution
		Debug|Any CPU = Debug|Any CPU
		Release|Any CPU = Release|Any CPU
	EndGlobalSection
	GlobalSection(ProjectConfigurationPlatforms) = postSolution
		{6487075B-C8CB-45ED-A9C8-DF175C350865}.Debug|Any CPU.ActiveCfg = Debug|Any CPU
		{6487075B-C8CB-45ED-A9C8-DF175C350865}.Debug|Any CPU.Build.0 = Debug|Any CPU
		{6487075B-C8CB-45ED-A9C8-DF175C350865}.Release|Any CPU.ActiveCfg = Release|Any CPU
		{6487075B-C8CB-45ED-A9C8-DF175C350865}.Release|Any CPU.Build.0 = Release|Any CPU
	EndGlobalSection
	GlobalSection(SolutionProperties) = preSolution
		HideSolutionNode = FALSE
	EndGlobalSection
	GlobalSection(ExtensibilityGlobals) = postSolution
		SolutionGuid = {10707540-2FD6-4441-8500-5754B674D92A}
	EndGlobalSection
EndGlobal
